// !$*UTF8*$!
{
	archiveVersion = 1;
	classes = {
	};
	objectVersion = 77;
	objects = {

/* Begin PBXBuildFile section */
		4314E0032D6F39D3007EBA65 /* WebKit.framework in Frameworks */ = {isa = PBXBuildFile; fileRef = 4314E0022D6F39D3007EBA65 /* WebKit.framework */; };
		4350E1502D37947F00670D84 /* .gitignore in Resources */ = {isa = PBXBuildFile; fileRef = 4350E14F2D37947F00670D84 /* .gitignore */; };
		4380B98E2D7824EF002CAD4B /* RealmSwift in Frameworks */ = {isa = PBXBuildFile; productRef = 4380B98D2D7824EF002CAD4B /* RealmSwift */; };
		4380B9912D78252F002CAD4B /* RxCocoa in Frameworks */ = {isa = PBXBuildFile; productRef = 4380B9902D78252F002CAD4B /* RxCocoa */; };
		4380B9932D78252F002CAD4B /* RxSwift in Frameworks */ = {isa = PBXBuildFile; productRef = 4380B9922D78252F002CAD4B /* RxSwift */; };
		4380B9962D78253B002CAD4B /* SnapKit in Frameworks */ = {isa = PBXBuildFile; productRef = 4380B9952D78253B002CAD4B /* SnapKit */; };
		4380B9992D782546002CAD4B /* Kingfisher in Frameworks */ = {isa = PBXBuildFile; productRef = 4380B9982D782546002CAD4B /* Kingfisher */; };
		4380B99C2D782558002CAD4B /* Alamofire in Frameworks */ = {isa = PBXBuildFile; productRef = 4380B99B2D782558002CAD4B /* Alamofire */; };
/* End PBXBuildFile section */

/* Begin PBXFileReference section */
		4314E0022D6F39D3007EBA65 /* WebKit.framework */ = {isa = PBXFileReference; lastKnownFileType = wrapper.framework; name = WebKit.framework; path = System/Library/Frameworks/WebKit.framework; sourceTree = SDKROOT; };
		4350E1372D3793F800670D84 /* WSShopping.app */ = {isa = PBXFileReference; explicitFileType = wrapper.application; includeInIndex = 0; path = WSShopping.app; sourceTree = BUILT_PRODUCTS_DIR; };
		4350E14F2D37947F00670D84 /* .gitignore */ = {isa = PBXFileReference; lastKnownFileType = text; path = .gitignore; sourceTree = "<group>"; };
/* End PBXFileReference section */

/* Begin PBXFileSystemSynchronizedBuildFileExceptionSet section */
		4350E1492D3793F900670D84 /* Exceptions for "WSShopping" folder in "WSShopping" target */ = {
			isa = PBXFileSystemSynchronizedBuildFileExceptionSet;
			membershipExceptions = (
				Info.plist,
			);
			target = 4350E1362D3793F800670D84 /* WSShopping */;
		};
/* End PBXFileSystemSynchronizedBuildFileExceptionSet section */

/* Begin PBXFileSystemSynchronizedRootGroup section */
		4350E1392D3793F800670D84 /* WSShopping */ = {
			isa = PBXFileSystemSynchronizedRootGroup;
			exceptions = (
				4350E1492D3793F900670D84 /* Exceptions for "WSShopping" folder in "WSShopping" target */,
			);
			path = WSShopping;
			sourceTree = "<group>";
		};
/* End PBXFileSystemSynchronizedRootGroup section */

/* Begin PBXFrameworksBuildPhase section */
		4350E1342D3793F800670D84 /* Frameworks */ = {
			isa = PBXFrameworksBuildPhase;
			buildActionMask = 2147483647;
			files = (
				4380B9992D782546002CAD4B /* Kingfisher in Frameworks */,
				4380B99C2D782558002CAD4B /* Alamofire in Frameworks */,
				4380B9912D78252F002CAD4B /* RxCocoa in Frameworks */,
				4380B98E2D7824EF002CAD4B /* RealmSwift in Frameworks */,
				4380B9932D78252F002CAD4B /* RxSwift in Frameworks */,
				4314E0032D6F39D3007EBA65 /* WebKit.framework in Frameworks */,
				4380B9962D78253B002CAD4B /* SnapKit in Frameworks */,
			);
			runOnlyForDeploymentPostprocessing = 0;
		};
/* End PBXFrameworksBuildPhase section */

/* Begin PBXGroup section */
		4314E0012D6F39D3007EBA65 /* Frameworks */ = {
			isa = PBXGroup;
			children = (
				4314E0022D6F39D3007EBA65 /* WebKit.framework */,
			);
			name = Frameworks;
			sourceTree = "<group>";
		};
		4350E12E2D3793F800670D84 = {
			isa = PBXGroup;
			children = (
				4350E14F2D37947F00670D84 /* .gitignore */,
				4350E1392D3793F800670D84 /* WSShopping */,
				4314E0012D6F39D3007EBA65 /* Frameworks */,
				4350E1382D3793F800670D84 /* Products */,
			);
			sourceTree = "<group>";
		};
		4350E1382D3793F800670D84 /* Products */ = {
			isa = PBXGroup;
			children = (
				4350E1372D3793F800670D84 /* WSShopping.app */,
			);
			name = Products;
			sourceTree = "<group>";
		};
/* End PBXGroup section */

/* Begin PBXNativeTarget section */
		4350E1362D3793F800670D84 /* WSShopping */ = {
			isa = PBXNativeTarget;
			buildConfigurationList = 4350E14A2D3793F900670D84 /* Build configuration list for PBXNativeTarget "WSShopping" */;
			buildPhases = (
				4350E1332D3793F800670D84 /* Sources */,
				4350E1342D3793F800670D84 /* Frameworks */,
				4350E1352D3793F800670D84 /* Resources */,
			);
			buildRules = (
			);
			dependencies = (
			);
			fileSystemSynchronizedGroups = (
				4350E1392D3793F800670D84 /* WSShopping */,
			);
			name = WSShopping;
			packageProductDependencies = (
				4380B98D2D7824EF002CAD4B /* RealmSwift */,
				4380B9902D78252F002CAD4B /* RxCocoa */,
				4380B9922D78252F002CAD4B /* RxSwift */,
				4380B9952D78253B002CAD4B /* SnapKit */,
				4380B9982D782546002CAD4B /* Kingfisher */,
				4380B99B2D782558002CAD4B /* Alamofire */,
			);
			productName = WSShopping;
			productReference = 4350E1372D3793F800670D84 /* WSShopping.app */;
			productType = "com.apple.product-type.application";
		};
/* End PBXNativeTarget section */

/* Begin PBXProject section */
		4350E12F2D3793F800670D84 /* Project object */ = {
			isa = PBXProject;
			attributes = {
				BuildIndependentTargetsInParallel = 1;
				LastSwiftUpdateCheck = 1620;
				LastUpgradeCheck = 1620;
				TargetAttributes = {
					4350E1362D3793F800670D84 = {
						CreatedOnToolsVersion = 16.2;
					};
				};
			};
			buildConfigurationList = 4350E1322D3793F800670D84 /* Build configuration list for PBXProject "WSShopping" */;
			developmentRegion = en;
			hasScannedForEncodings = 0;
			knownRegions = (
				en,
				Base,
			);
			mainGroup = 4350E12E2D3793F800670D84;
			minimizedProjectReferenceProxies = 1;
			packageReferences = (
				4380B98C2D7824EF002CAD4B /* XCRemoteSwiftPackageReference "realm-swift" */,
				4380B98F2D78252F002CAD4B /* XCRemoteSwiftPackageReference "RxSwift" */,
				4380B9942D78253B002CAD4B /* XCRemoteSwiftPackageReference "SnapKit" */,
				4380B9972D782546002CAD4B /* XCRemoteSwiftPackageReference "Kingfisher" */,
				4380B99A2D782558002CAD4B /* XCRemoteSwiftPackageReference "Alamofire" */,
			);
			preferredProjectObjectVersion = 77;
			productRefGroup = 4350E1382D3793F800670D84 /* Products */;
			projectDirPath = "";
			projectRoot = "";
			targets = (
				4350E1362D3793F800670D84 /* WSShopping */,
			);
		};
/* End PBXProject section */

/* Begin PBXResourcesBuildPhase section */
		4350E1352D3793F800670D84 /* Resources */ = {
			isa = PBXResourcesBuildPhase;
			buildActionMask = 2147483647;
			files = (
				4350E1502D37947F00670D84 /* .gitignore in Resources */,
			);
			runOnlyForDeploymentPostprocessing = 0;
		};
/* End PBXResourcesBuildPhase section */

/* Begin PBXSourcesBuildPhase section */
		4350E1332D3793F800670D84 /* Sources */ = {
			isa = PBXSourcesBuildPhase;
			buildActionMask = 2147483647;
			files = (
			);
			runOnlyForDeploymentPostprocessing = 0;
		};
/* End PBXSourcesBuildPhase section */

/* Begin XCBuildConfiguration section */
		4350E14B2D3793F900670D84 /* Debug */ = {
			isa = XCBuildConfiguration;
			buildSettings = {
				ASSETCATALOG_COMPILER_APPICON_NAME = AppIcon;
				ASSETCATALOG_COMPILER_GLOBAL_ACCENT_COLOR_NAME = AccentColor;
				CODE_SIGN_STYLE = Automatic;
				CURRENT_PROJECT_VERSION = 1;
				DEVELOPMENT_TEAM = 6CQ3CNQ79S;
				GENERATE_INFOPLIST_FILE = YES;
				INFOPLIST_FILE = WSShopping/Info.plist;
				INFOPLIST_KEY_UIApplicationSupportsIndirectInputEvents = YES;
				INFOPLIST_KEY_UILaunchStoryboardName = LaunchScreen;
				INFOPLIST_KEY_UIMainStoryboardFile = Main;
				INFOPLIST_KEY_UISupportedInterfaceOrientations = UIInterfaceOrientationPortrait;
				INFOPLIST_KEY_UISupportedInterfaceOrientations_iPad = "UIInterfaceOrientationLandscapeLeft UIInterfaceOrientationLandscapeRight UIInterfaceOrientationPortrait UIInterfaceOrientationPortraitUpsideDown";
				IPHONEOS_DEPLOYMENT_TARGET = 17.6;
				LD_RUNPATH_SEARCH_PATHS = (
					"$(inherited)",
					"@executable_path/Frameworks",
				);
				MARKETING_VERSION = 1.0;
				PRODUCT_BUNDLE_IDENTIFIER = com.Tynee.WSShopping;
				PRODUCT_NAME = "$(TARGET_NAME)";
				SUPPORTED_PLATFORMS = "iphoneos iphonesimulator";
				SUPPORTS_MACCATALYST = NO;
				SUPPORTS_MAC_DESIGNED_FOR_IPHONE_IPAD = NO;
				SUPPORTS_XR_DESIGNED_FOR_IPHONE_IPAD = NO;
				SWIFT_EMIT_LOC_STRINGS = YES;
				SWIFT_VERSION = 5.0;
				TARGETED_DEVICE_FAMILY = 1;
			};
			name = Debug;
		};
		4350E14C2D3793F900670D84 /* Release */ = {
			isa = XCBuildConfiguration;
			buildSettings = {
				ASSETCATALOG_COMPILER_APPICON_NAME = AppIcon;
				ASSETCATALOG_COMPILER_GLOBAL_ACCENT_COLOR_NAME = AccentColor;
				CODE_SIGN_STYLE = Automatic;
				CURRENT_PROJECT_VERSION = 1;
				DEVELOPMENT_TEAM = 6CQ3CNQ79S;
				GENERATE_INFOPLIST_FILE = YES;
				INFOPLIST_FILE = WSShopping/Info.plist;
				INFOPLIST_KEY_UIApplicationSupportsIndirectInputEvents = YES;
				INFOPLIST_KEY_UILaunchStoryboardName = LaunchScreen;
				INFOPLIST_KEY_UIMainStoryboardFile = Main;
				INFOPLIST_KEY_UISupportedInterfaceOrientations = UIInterfaceOrientationPortrait;
				INFOPLIST_KEY_UISupportedInterfaceOrientations_iPad = "UIInterfaceOrientationLandscapeLeft UIInterfaceOrientationLandscapeRight UIInterfaceOrientationPortrait UIInterfaceOrientationPortraitUpsideDown";
				IPHONEOS_DEPLOYMENT_TARGET = 17.6;
				LD_RUNPATH_SEARCH_PATHS = (
					"$(inherited)",
					"@executable_path/Frameworks",
				);
				MARKETING_VERSION = 1.0;
				PRODUCT_BUNDLE_IDENTIFIER = com.Tynee.WSShopping;
				PRODUCT_NAME = "$(TARGET_NAME)";
				SUPPORTED_PLATFORMS = "iphoneos iphonesimulator";
				SUPPORTS_MACCATALYST = NO;
				SUPPORTS_MAC_DESIGNED_FOR_IPHONE_IPAD = NO;
				SUPPORTS_XR_DESIGNED_FOR_IPHONE_IPAD = NO;
				SWIFT_EMIT_LOC_STRINGS = YES;
				SWIFT_VERSION = 5.0;
				TARGETED_DEVICE_FAMILY = 1;
			};
			name = Release;
		};
		4350E14D2D3793F900670D84 /* Debug */ = {
			isa = XCBuildConfiguration;
			buildSettings = {
				ALWAYS_SEARCH_USER_PATHS = NO;
				ASSETCATALOG_COMPILER_GENERATE_SWIFT_ASSET_SYMBOL_EXTENSIONS = YES;
				CLANG_ANALYZER_NONNULL = YES;
				CLANG_ANALYZER_NUMBER_OBJECT_CONVERSION = YES_AGGRESSIVE;
				CLANG_CXX_LANGUAGE_STANDARD = "gnu++20";
				CLANG_ENABLE_MODULES = YES;
				CLANG_ENABLE_OBJC_ARC = YES;
				CLANG_ENABLE_OBJC_WEAK = YES;
				CLANG_WARN_BLOCK_CAPTURE_AUTORELEASING = YES;
				CLANG_WARN_BOOL_CONVERSION = YES;
				CLANG_WARN_COMMA = YES;
				CLANG_WARN_CONSTANT_CONVERSION = YES;
				CLANG_WARN_DEPRECATED_OBJC_IMPLEMENTATIONS = YES;
				CLANG_WARN_DIRECT_OBJC_ISA_USAGE = YES_ERROR;
				CLANG_WARN_DOCUMENTATION_COMMENTS = YES;
				CLANG_WARN_EMPTY_BODY = YES;
				CLANG_WARN_ENUM_CONVERSION = YES;
				CLANG_WARN_INFINITE_RECURSION = YES;
				CLANG_WARN_INT_CONVERSION = YES;
				CLANG_WARN_NON_LITERAL_NULL_CONVERSION = YES;
				CLANG_WARN_OBJC_IMPLICIT_RETAIN_SELF = YES;
				CLANG_WARN_OBJC_LITERAL_CONVERSION = YES;
				CLANG_WARN_OBJC_ROOT_CLASS = YES_ERROR;
				CLANG_WARN_QUOTED_INCLUDE_IN_FRAMEWORK_HEADER = YES;
				CLANG_WARN_RANGE_LOOP_ANALYSIS = YES;
				CLANG_WARN_STRICT_PROTOTYPES = YES;
				CLANG_WARN_SUSPICIOUS_MOVE = YES;
				CLANG_WARN_UNGUARDED_AVAILABILITY = YES_AGGRESSIVE;
				CLANG_WARN_UNREACHABLE_CODE = YES;
				CLANG_WARN__DUPLICATE_METHOD_MATCH = YES;
				COPY_PHASE_STRIP = NO;
				DEBUG_INFORMATION_FORMAT = dwarf;
				ENABLE_STRICT_OBJC_MSGSEND = YES;
				ENABLE_TESTABILITY = YES;
				ENABLE_USER_SCRIPT_SANDBOXING = YES;
				GCC_C_LANGUAGE_STANDARD = gnu17;
				GCC_DYNAMIC_NO_PIC = NO;
				GCC_NO_COMMON_BLOCKS = YES;
				GCC_OPTIMIZATION_LEVEL = 0;
				GCC_PREPROCESSOR_DEFINITIONS = (
					"DEBUG=1",
					"$(inherited)",
				);
				GCC_WARN_64_TO_32_BIT_CONVERSION = YES;
				GCC_WARN_ABOUT_RETURN_TYPE = YES_ERROR;
				GCC_WARN_UNDECLARED_SELECTOR = YES;
				GCC_WARN_UNINITIALIZED_AUTOS = YES_AGGRESSIVE;
				GCC_WARN_UNUSED_FUNCTION = YES;
				GCC_WARN_UNUSED_VARIABLE = YES;
				IPHONEOS_DEPLOYMENT_TARGET = 18.2;
				LOCALIZATION_PREFERS_STRING_CATALOGS = YES;
				MTL_ENABLE_DEBUG_INFO = INCLUDE_SOURCE;
				MTL_FAST_MATH = YES;
				ONLY_ACTIVE_ARCH = YES;
				SDKROOT = iphoneos;
				SWIFT_ACTIVE_COMPILATION_CONDITIONS = "DEBUG $(inherited)";
				SWIFT_OPTIMIZATION_LEVEL = "-Onone";
			};
			name = Debug;
		};
		4350E14E2D3793F900670D84 /* Release */ = {
			isa = XCBuildConfiguration;
			buildSettings = {
				ALWAYS_SEARCH_USER_PATHS = NO;
				ASSETCATALOG_COMPILER_GENERATE_SWIFT_ASSET_SYMBOL_EXTENSIONS = YES;
				CLANG_ANALYZER_NONNULL = YES;
				CLANG_ANALYZER_NUMBER_OBJECT_CONVERSION = YES_AGGRESSIVE;
				CLANG_CXX_LANGUAGE_STANDARD = "gnu++20";
				CLANG_ENABLE_MODULES = YES;
				CLANG_ENABLE_OBJC_ARC = YES;
				CLANG_ENABLE_OBJC_WEAK = YES;
				CLANG_WARN_BLOCK_CAPTURE_AUTORELEASING = YES;
				CLANG_WARN_BOOL_CONVERSION = YES;
				CLANG_WARN_COMMA = YES;
				CLANG_WARN_CONSTANT_CONVERSION = YES;
				CLANG_WARN_DEPRECATED_OBJC_IMPLEMENTATIONS = YES;
				CLANG_WARN_DIRECT_OBJC_ISA_USAGE = YES_ERROR;
				CLANG_WARN_DOCUMENTATION_COMMENTS = YES;
				CLANG_WARN_EMPTY_BODY = YES;
				CLANG_WARN_ENUM_CONVERSION = YES;
				CLANG_WARN_INFINITE_RECURSION = YES;
				CLANG_WARN_INT_CONVERSION = YES;
				CLANG_WARN_NON_LITERAL_NULL_CONVERSION = YES;
				CLANG_WARN_OBJC_IMPLICIT_RETAIN_SELF = YES;
				CLANG_WARN_OBJC_LITERAL_CONVERSION = YES;
				CLANG_WARN_OBJC_ROOT_CLASS = YES_ERROR;
				CLANG_WARN_QUOTED_INCLUDE_IN_FRAMEWORK_HEADER = YES;
				CLANG_WARN_RANGE_LOOP_ANALYSIS = YES;
				CLANG_WARN_STRICT_PROTOTYPES = YES;
				CLANG_WARN_SUSPICIOUS_MOVE = YES;
				CLANG_WARN_UNGUARDED_AVAILABILITY = YES_AGGRESSIVE;
				CLANG_WARN_UNREACHABLE_CODE = YES;
				CLANG_WARN__DUPLICATE_METHOD_MATCH = YES;
				COPY_PHASE_STRIP = NO;
				DEBUG_INFORMATION_FORMAT = "dwarf-with-dsym";
				ENABLE_NS_ASSERTIONS = NO;
				ENABLE_STRICT_OBJC_MSGSEND = YES;
				ENABLE_USER_SCRIPT_SANDBOXING = YES;
				GCC_C_LANGUAGE_STANDARD = gnu17;
				GCC_NO_COMMON_BLOCKS = YES;
				GCC_WARN_64_TO_32_BIT_CONVERSION = YES;
				GCC_WARN_ABOUT_RETURN_TYPE = YES_ERROR;
				GCC_WARN_UNDECLARED_SELECTOR = YES;
				GCC_WARN_UNINITIALIZED_AUTOS = YES_AGGRESSIVE;
				GCC_WARN_UNUSED_FUNCTION = YES;
				GCC_WARN_UNUSED_VARIABLE = YES;
				IPHONEOS_DEPLOYMENT_TARGET = 18.2;
				LOCALIZATION_PREFERS_STRING_CATALOGS = YES;
				MTL_ENABLE_DEBUG_INFO = NO;
				MTL_FAST_MATH = YES;
				SDKROOT = iphoneos;
				SWIFT_COMPILATION_MODE = wholemodule;
				VALIDATE_PRODUCT = YES;
			};
			name = Release;
		};
/* End XCBuildConfiguration section */

/* Begin XCConfigurationList section */
		4350E1322D3793F800670D84 /* Build configuration list for PBXProject "WSShopping" */ = {
			isa = XCConfigurationList;
			buildConfigurations = (
				4350E14D2D3793F900670D84 /* Debug */,
				4350E14E2D3793F900670D84 /* Release */,
			);
			defaultConfigurationIsVisible = 0;
			defaultConfigurationName = Release;
		};
		4350E14A2D3793F900670D84 /* Build configuration list for PBXNativeTarget "WSShopping" */ = {
			isa = XCConfigurationList;
			buildConfigurations = (
				4350E14B2D3793F900670D84 /* Debug */,
				4350E14C2D3793F900670D84 /* Release */,
			);
			defaultConfigurationIsVisible = 0;
			defaultConfigurationName = Release;
		};
/* End XCConfigurationList section */

/* Begin XCRemoteSwiftPackageReference section */
		4380B98C2D7824EF002CAD4B /* XCRemoteSwiftPackageReference "realm-swift" */ = {
			isa = XCRemoteSwiftPackageReference;
			repositoryURL = "https://github.com/realm/realm-swift.git";
			requirement = {
				kind = exactVersion;
				version = 20.0.1;
			};
		};
		4380B98F2D78252F002CAD4B /* XCRemoteSwiftPackageReference "RxSwift" */ = {
			isa = XCRemoteSwiftPackageReference;
			repositoryURL = "https://github.com/ReactiveX/RxSwift";
			requirement = {
				kind = upToNextMajorVersion;
				minimumVersion = 6.9.0;
			};
		};
		4380B9942D78253B002CAD4B /* XCRemoteSwiftPackageReference "SnapKit" */ = {
			isa = XCRemoteSwiftPackageReference;
			repositoryURL = "https://github.com/SnapKit/SnapKit";
			requirement = {
				kind = upToNextMajorVersion;
				minimumVersion = 5.7.1;
			};
		};
		4380B9972D782546002CAD4B /* XCRemoteSwiftPackageReference "Kingfisher" */ = {
			isa = XCRemoteSwiftPackageReference;
			repositoryURL = "https://github.com/onevcat/Kingfisher";
			requirement = {
				kind = upToNextMajorVersion;
				minimumVersion = 8.3.0;
			};
		};
		4380B99A2D782558002CAD4B /* XCRemoteSwiftPackageReference "Alamofire" */ = {
			isa = XCRemoteSwiftPackageReference;
			repositoryURL = "https://github.com/Alamofire/Alamofire";
			requirement = {
				kind = upToNextMajorVersion;
				minimumVersion = 5.10.2;
			};
		};
/* End XCRemoteSwiftPackageReference section */

/* Begin XCSwiftPackageProductDependency section */
		4380B98D2D7824EF002CAD4B /* RealmSwift */ = {
			isa = XCSwiftPackageProductDependency;
			package = 4380B98C2D7824EF002CAD4B /* XCRemoteSwiftPackageReference "realm-swift" */;
			productName = RealmSwift;
		};
		4380B9902D78252F002CAD4B /* RxCocoa */ = {
			isa = XCSwiftPackageProductDependency;
			package = 4380B98F2D78252F002CAD4B /* XCRemoteSwiftPackageReference "RxSwift" */;
			productName = RxCocoa;
		};
		4380B9922D78252F002CAD4B /* RxSwift */ = {
			isa = XCSwiftPackageProductDependency;
			package = 4380B98F2D78252F002CAD4B /* XCRemoteSwiftPackageReference "RxSwift" */;
			productName = RxSwift;
		};
		4380B9952D78253B002CAD4B /* SnapKit */ = {
			isa = XCSwiftPackageProductDependency;
			package = 4380B9942D78253B002CAD4B /* XCRemoteSwiftPackageReference "SnapKit" */;
			productName = SnapKit;
		};
		4380B9982D782546002CAD4B /* Kingfisher */ = {
			isa = XCSwiftPackageProductDependency;
			package = 4380B9972D782546002CAD4B /* XCRemoteSwiftPackageReference "Kingfisher" */;
			productName = Kingfisher;
		};
		4380B99B2D782558002CAD4B /* Alamofire */ = {
			isa = XCSwiftPackageProductDependency;
			package = 4380B99A2D782558002CAD4B /* XCRemoteSwiftPackageReference "Alamofire" */;
			productName = Alamofire;
		};
/* End XCSwiftPackageProductDependency section */
	};
	rootObject = 4350E12F2D3793F800670D84 /* Project object */;
}
